
Microsoft Visual Studio Solution File, Format Version 12.00
# Visual Studio Version 16
VisualStudioVersion = 16.0.31829.152
MinimumVisualStudioVersion = 10.0.40219.1
Project("{FAE04EC0-301F-11D3-BF4B-00C04F79EFBC}") = "Hastane", "Hastane\Hastane.csproj", "{D75D80CF-413F-4844-A055-6D9DBED2EB9D}"
EndProject
Project("{00D1A9C2-B5F0-4AF3-8072-F6C62B433612}") = "HastaneDatabase", "HastaneDatabase\HastaneDatabase.sqlproj", "{769E8C3C-FCA1-490A-BFC3-0B8B61F38EAA}"
EndProject
Project("{FAE04EC0-301F-11D3-BF4B-00C04F79EFBC}") = "DataLibrary", "DataLibrary\DataLibrary.csproj", "{BBCE22D6-79A1-4843-9943-BA9019E5A62B}"
EndProject
Global
	GlobalSection(SolutionConfigurationPlatforms) = preSolution
		Debug|Any CPU = Debug|Any CPU
		Release|Any CPU = Release|Any CPU
	EndGlobalSection
	GlobalSection(ProjectConfigurationPlatforms) = postSolution
		{D75D80CF-413F-4844-A055-6D9DBED2EB9D}.Debug|Any CPU.ActiveCfg = Debug|Any CPU
		{D75D80CF-413F-4844-A055-6D9DBED2EB9D}.Debug|Any CPU.Build.0 = Debug|Any CPU
		{D75D80CF-413F-4844-A055-6D9DBED2EB9D}.Release|Any CPU.ActiveCfg = Release|Any CPU
		{D75D80CF-413F-4844-A055-6D9DBED2EB9D}.Release|Any CPU.Build.0 = Release|Any CPU
		{769E8C3C-FCA1-490A-BFC3-0B8B61F38EAA}.Debug|Any CPU.ActiveCfg = Debug|Any CPU
		{769E8C3C-FCA1-490A-BFC3-0B8B61F38EAA}.Debug|Any CPU.Build.0 = Debug|Any CPU
		{769E8C3C-FCA1-490A-BFC3-0B8B61F38EAA}.Debug|Any CPU.Deploy.0 = Debug|Any CPU
		{769E8C3C-FCA1-490A-BFC3-0B8B61F38EAA}.Release|Any CPU.ActiveCfg = Release|Any CPU
		{769E8C3C-FCA1-490A-BFC3-0B8B61F38EAA}.Release|Any CPU.Build.0 = Release|Any CPU
		{769E8C3C-FCA1-490A-BFC3-0B8B61F38EAA}.Release|Any CPU.Deploy.0 = Release|Any CPU
		{BBCE22D6-79A1-4843-9943-BA9019E5A62B}.Debug|Any CPU.ActiveCfg = Debug|Any CPU
		{BBCE22D6-79A1-4843-9943-BA9019E5A62B}.Debug|Any CPU.Build.0 = Debug|Any CPU
		{BBCE22D6-79A1-4843-9943-BA9019E5A62B}.Release|Any CPU.ActiveCfg = Release|Any CPU
		{BBCE22D6-79A1-4843-9943-BA9019E5A62B}.Release|Any CPU.Build.0 = Release|Any CPU
	EndGlobalSection
	GlobalSection(SolutionProperties) = preSolution
		HideSolutionNode = FALSE
	EndGlobalSection
	GlobalSection(ExtensibilityGlobals) = postSolution
		SolutionGuid = {7C9D2CAE-7741-4C09-BDA5-080D5DED15FE}
	EndGlobalSection
EndGlobal
